
Microsoft Visual Studio Solution File, Format Version 12.00
# Visual Studio Version 16
VisualStudioVersion = 16.0.29424.173
MinimumVisualStudioVersion = 10.0.40219.1
Project("{2150E333-8FDC-42A3-9474-1A3956D46DE8}") = "src", "src", "{34F7B141-AC26-4874-BF25-1CBCF220B8FB}"
EndProject
Project("{FAE04EC0-301F-11D3-BF4B-00C04F79EFBC}") = "AwaitIO.CacheableContent", "src\AwaitIO.CacheableContent\AwaitIO.CacheableContent.csproj", "{A310DCC7-F021-44C6-B5C9-AE951F683042}"
EndProject
Project("{2150E333-8FDC-42A3-9474-1A3956D46DE8}") = "test", "test", "{B25D7732-BEBE-4AF0-B0B9-24315C2832ED}"
EndProject
Project("{FAE04EC0-301F-11D3-BF4B-00C04F79EFBC}") = "CacheableContent.Tests", "test\CacheableContent.Tests\CacheableContent.Tests.csproj", "{83D03B40-2044-4C31-800C-353BA7DFE54F}"
EndProject
Global
	GlobalSection(SolutionConfigurationPlatforms) = preSolution
		Debug|Any CPU = Debug|Any CPU
		Release|Any CPU = Release|Any CPU
	EndGlobalSection
	GlobalSection(ProjectConfigurationPlatforms) = postSolution
		{A310DCC7-F021-44C6-B5C9-AE951F683042}.Debug|Any CPU.ActiveCfg = Debug|Any CPU
		{A310DCC7-F021-44C6-B5C9-AE951F683042}.Debug|Any CPU.Build.0 = Debug|Any CPU
		{A310DCC7-F021-44C6-B5C9-AE951F683042}.Release|Any CPU.ActiveCfg = Release|Any CPU
		{A310DCC7-F021-44C6-B5C9-AE951F683042}.Release|Any CPU.Build.0 = Release|Any CPU
		{83D03B40-2044-4C31-800C-353BA7DFE54F}.Debug|Any CPU.ActiveCfg = Debug|Any CPU
		{83D03B40-2044-4C31-800C-353BA7DFE54F}.Debug|Any CPU.Build.0 = Debug|Any CPU
		{83D03B40-2044-4C31-800C-353BA7DFE54F}.Release|Any CPU.ActiveCfg = Release|Any CPU
		{83D03B40-2044-4C31-800C-353BA7DFE54F}.Release|Any CPU.Build.0 = Release|Any CPU
	EndGlobalSection
	GlobalSection(SolutionProperties) = preSolution
		HideSolutionNode = FALSE
	EndGlobalSection
	GlobalSection(NestedProjects) = preSolution
		{A310DCC7-F021-44C6-B5C9-AE951F683042} = {34F7B141-AC26-4874-BF25-1CBCF220B8FB}
		{83D03B40-2044-4C31-800C-353BA7DFE54F} = {B25D7732-BEBE-4AF0-B0B9-24315C2832ED}
	EndGlobalSection
	GlobalSection(ExtensibilityGlobals) = postSolution
		SolutionGuid = {D1D3F3BE-EB50-47B5-9CE9-401BF5D78219}
	EndGlobalSection
EndGlobal
